<?xml version="1.0" encoding="utf-8"?>
<Project ToolsVersion="4.0" xmlns="http://schemas.microsoft.com/developer/msbuild/2003">
  <ItemGroup>
    <Filter Include="Source Files">
      <UniqueIdentifier>{4FC737F1-C7A5-4376-A066-2A32D752A2FF}</UniqueIdentifier>
      <Extensions>cpp;c;cc;cxx;def;odl;idl;hpj;bat;asm;asmx</Extensions>
    </Filter>
    <Filter Include="Header Files">
      <UniqueIdentifier>{93995380-89BD-4b04-88EB-625FBE52EBFB}</UniqueIdentifier>
      <Extensions>h;hh;hpp;hxx;hm;inl;inc;ipp;xsd</Extensions>
    </Filter>
    <Filter Include="Resource Files">
      <UniqueIdentifier>{67DA6AB6-F800-4c08-8B7A-83BB121AAD01}</UniqueIdentifier>
      <Extensions>rc;ico;cur;bmp;dlg;rc2;rct;bin;rgs;gif;jpg;jpeg;jpe;resx;tiff;tif;png;wav;mfcribbon-ms</Extensions>
    </Filter>
  </ItemGroup>
  <ItemGroup>
    <ClCompile Include="SMVector.cpp">
      <Filter>Source Files</Filter>
    </ClCompile>
    <ClCompile Include="SMDataStructure.cpp">
      <Filter>Source Files</Filter>
    </ClCompile>
    <ClCompile Include="SMList.cpp">
      <Filter>Source Files</Filter>
    </ClCompile>
    <ClCompile Include="SMListNode.cpp">
      <Filter>Source Files</Filter>
    </ClCompile>
    <ClCompile Include="ImplementationsTester.cpp">
      <Filter>Source Files</Filter>
    </ClCompile>
    <ClCompile Include="SMStack.cpp">
      <Filter>Source Files</Filter>
    </ClCompile>
    <ClCompile Include="SMDynamicQueue.cpp">
      <Filter>Source Files</Filter>
    </ClCompile>
    <ClCompile Include="SMFixedQueue.cpp">
      <Filter>Source Files</Filter>
    </ClCompile>
    <ClCompile Include="SMHashMapElement.cpp">
      <Filter>Source Files</Filter>
    </ClCompile>
    <ClCompile Include="SMStaticHashMap.cpp">
      <Filter>Source Files</Filter>
    </ClCompile>
    <ClCompile Include="SMTreeNode.cpp">
      <Filter>Source Files</Filter>
    </ClCompile>
    <ClCompile Include="SMBinarySearchTree.cpp">
      <Filter>Source Files</Filter>
    </ClCompile>
    <ClCompile Include="SMMaxHeap.cpp">
      <Filter>Source Files</Filter>
    </ClCompile>
  </ItemGroup>
  <ItemGroup>
    <ClInclude Include="SMVector.h">
      <Filter>Header Files</Filter>
    </ClInclude>
    <ClInclude Include="SMDataStructure.h">
      <Filter>Header Files</Filter>
    </ClInclude>
    <ClInclude Include="SMList.h">
      <Filter>Header Files</Filter>
    </ClInclude>
    <ClInclude Include="SMListNode.h">
      <Filter>Header Files</Filter>
    </ClInclude>
    <ClInclude Include="resource.h">
      <Filter>Header Files</Filter>
    </ClInclude>
    <ClInclude Include="SMStack.h">
      <Filter>Header Files</Filter>
    </ClInclude>
    <ClInclude Include="SMFixedQueue.h">
      <Filter>Header Files</Filter>
    </ClInclude>
    <ClInclude Include="SMDynamicQueue.h">
      <Filter>Header Files</Filter>
    </ClInclude>
    <ClInclude Include="SMHashMapElement.h">
      <Filter>Header Files</Filter>
    </ClInclude>
    <ClInclude Include="SMStaticHashMap.h">
      <Filter>Header Files</Filter>
    </ClInclude>
    <ClInclude Include="SMTreeNode.h">
      <Filter>Header Files</Filter>
    </ClInclude>
    <ClInclude Include="SMBinarySearchTree.h">
      <Filter>Header Files</Filter>
    </ClInclude>
    <ClInclude Include="SMMaxHeap.h">
      <Filter>Header Files</Filter>
    </ClInclude>
  </ItemGroup>
  <ItemGroup>
    <ResourceCompile Include="VectorImplementation.rc">
      <Filter>Resource Files</Filter>
    </ResourceCompile>
  </ItemGroup>
</Project>